// !$*UTF8*$!
{
	archiveVersion = 1;
	classes = {
	};
	objectVersion = 46;
	objects = {

/* Begin PBXBuildFile section */
		D97F77611A314B42005FFD2E /* AppDelegate.swift in Sources */ = {isa = PBXBuildFile; fileRef = D97F77601A314B42005FFD2E /* AppDelegate.swift */; };
		D97F77631A314B42005FFD2E /* ViewController.swift in Sources */ = {isa = PBXBuildFile; fileRef = D97F77621A314B42005FFD2E /* ViewController.swift */; };
		D97F77661A314B42005FFD2E /* Main.storyboard in Resources */ = {isa = PBXBuildFile; fileRef = D97F77641A314B42005FFD2E /* Main.storyboard */; };
		D97F77681A314B42005FFD2E /* Images.xcassets in Resources */ = {isa = PBXBuildFile; fileRef = D97F77671A314B42005FFD2E /* Images.xcassets */; };
		D97F776B1A314B42005FFD2E /* LaunchScreen.xib in Resources */ = {isa = PBXBuildFile; fileRef = D97F77691A314B42005FFD2E /* LaunchScreen.xib */; };
		D97F77771A314B42005FFD2E /* Pitch_PerfectTests.swift in Sources */ = {isa = PBXBuildFile; fileRef = D97F77761A314B42005FFD2E /* Pitch_PerfectTests.swift */; };
/* End PBXBuildFile section */

/* Begin PBXContainerItemProxy section */
		D97F77711A314B42005FFD2E /* PBXContainerItemProxy */ = {
			isa = PBXContainerItemProxy;
			containerPortal = D97F77531A314B42005FFD2E /* Project object */;
			proxyType = 1;
			remoteGlobalIDString = D97F775A1A314B42005FFD2E;
			remoteInfo = "Pitch Perfect";
		};
/* End PBXContainerItemProxy section */

/* Begin PBXFileReference section */
		D97F775B1A314B42005FFD2E /* Pitch Perfect.app */ = {isa = PBXFileReference; explicitFileType = wrapper.application; includeInIndex = 0; path = "Pitch Perfect.app"; sourceTree = BUILT_PRODUCTS_DIR; };
		D97F775F1A314B42005FFD2E /* Info.plist */ = {isa = PBXFileReference; lastKnownFileType = text.plist.xml; path = Info.plist; sourceTree = "<group>"; };
		D97F77601A314B42005FFD2E /* AppDelegate.swift */ = {isa = PBXFileReference; lastKnownFileType = sourcecode.swift; path = AppDelegate.swift; sourceTree = "<group>"; };
		D97F77621A314B42005FFD2E /* ViewController.swift */ = {isa = PBXFileReference; lastKnownFileType = sourcecode.swift; path = ViewController.swift; sourceTree = "<group>"; };
		D97F77651A314B42005FFD2E /* Base */ = {isa = PBXFileReference; lastKnownFileType = file.storyboard; name = Base; path = Base.lproj/Main.storyboard; sourceTree = "<group>"; };
		D97F77671A314B42005FFD2E /* Images.xcassets */ = {isa = PBXFileReference; lastKnownFileType = folder.assetcatalog; path = Images.xcassets; sourceTree = "<group>"; };
		D97F776A1A314B42005FFD2E /* Base */ = {isa = PBXFileReference; lastKnownFileType = file.xib; name = Base; path = Base.lproj/LaunchScreen.xib; sourceTree = "<group>"; };
		D97F77701A314B42005FFD2E /* Pitch PerfectTests.xctest */ = {isa = PBXFileReference; explicitFileType = wrapper.cfbundle; includeInIndex = 0; path = "Pitch PerfectTests.xctest"; sourceTree = BUILT_PRODUCTS_DIR; };
		D97F77751A314B42005FFD2E /* Info.plist */ = {isa = PBXFileReference; lastKnownFileType = text.plist.xml; path = Info.plist; sourceTree = "<group>"; };
		D97F77761A314B42005FFD2E /* Pitch_PerfectTests.swift */ = {isa = PBXFileReference; lastKnownFileType = sourcecode.swift; path = Pitch_PerfectTests.swift; sourceTree = "<group>"; };
/* End PBXFileReference section */

/* Begin PBXFrameworksBuildPhase section */
		D97F77581A314B42005FFD2E /* Frameworks */ = {
			isa = PBXFrameworksBuildPhase;
			buildActionMask = 2147483647;
			files = (
			);
			runOnlyForDeploymentPostprocessing = 0;
		};
		D97F776D1A314B42005FFD2E /* Frameworks */ = {
			isa = PBXFrameworksBuildPhase;
			buildActionMask = 2147483647;
			files = (
			);
			runOnlyForDeploymentPostprocessing = 0;
		};
/* End PBXFrameworksBuildPhase section */

/* Begin PBXGroup section */
		D97F77521A314B42005FFD2E = {
			isa = PBXGroup;
			children = (
				D97F775D1A314B42005FFD2E /* Pitch Perfect */,
				D97F77731A314B42005FFD2E /* Pitch PerfectTests */,
				D97F775C1A314B42005FFD2E /* Products */,
			);
			sourceTree = "<group>";
		};
		D97F775C1A314B42005FFD2E /* Products */ = {
			isa = PBXGroup;
			children = (
				D97F775B1A314B42005FFD2E /* Pitch Perfect.app */,
				D97F77701A314B42005FFD2E /* Pitch PerfectTests.xctest */,
			);
			name = Products;
			sourceTree = "<group>";
		};
		D97F775D1A314B42005FFD2E /* Pitch Perfect */ = {
			isa = PBXGroup;
			children = (
				D97F77601A314B42005FFD2E /* AppDelegate.swift */,
				D97F77621A314B42005FFD2E /* ViewController.swift */,
				D97F77641A314B42005FFD2E /* Main.storyboard */,
				D97F77671A314B42005FFD2E /* Images.xcassets */,
				D97F77691A314B42005FFD2E /* LaunchScreen.xib */,
				D97F775E1A314B42005FFD2E /* Supporting Files */,
			);
			path = "Pitch Perfect";
			sourceTree = "<group>";
		};
		D97F775E1A314B42005FFD2E /* Supporting Files */ = {
			isa = PBXGroup;
			children = (
				D97F775F1A314B42005FFD2E /* Info.plist */,
			);
			name = "Supporting Files";
			sourceTree = "<group>";
		};
		D97F77731A314B42005FFD2E /* Pitch PerfectTests */ = {
			isa = PBXGroup;
			children = (
				D97F77761A314B42005FFD2E /* Pitch_PerfectTests.swift */,
				D97F77741A314B42005FFD2E /* Supporting Files */,
			);
			path = "Pitch PerfectTests";
			sourceTree = "<group>";
		};
		D97F77741A314B42005FFD2E /* Supporting Files */ = {
			isa = PBXGroup;
			children = (
				D97F77751A314B42005FFD2E /* Info.plist */,
			);
			name = "Supporting Files";
			sourceTree = "<group>";
		};
/* End PBXGroup section */

/* Begin PBXNativeTarget section */
		D97F775A1A314B42005FFD2E /* Pitch Perfect */ = {
			isa = PBXNativeTarget;
			buildConfigurationList = D97F777A1A314B42005FFD2E /* Build configuration list for PBXNativeTarget "Pitch Perfect" */;
			buildPhases = (
				D97F77571A314B42005FFD2E /* Sources */,
				D97F77581A314B42005FFD2E /* Frameworks */,
				D97F77591A314B42005FFD2E /* Resources */,
			);
			buildRules = (
			);
			dependencies = (
			);
			name = "Pitch Perfect";
			productName = "Pitch Perfect";
			productReference = D97F775B1A314B42005FFD2E /* Pitch Perfect.app */;
			productType = "com.apple.product-type.application";
		};
		D97F776F1A314B42005FFD2E /* Pitch PerfectTests */ = {
			isa = PBXNativeTarget;
			buildConfigurationList = D97F777D1A314B42005FFD2E /* Build configuration list for PBXNativeTarget "Pitch PerfectTests" */;
			buildPhases = (
				D97F776C1A314B42005FFD2E /* Sources */,
				D97F776D1A314B42005FFD2E /* Frameworks */,
				D97F776E1A314B42005FFD2E /* Resources */,
			);
			buildRules = (
			);
			dependencies = (
				D97F77721A314B42005FFD2E /* PBXTargetDependency */,
			);
			name = "Pitch PerfectTests";
			productName = "Pitch PerfectTests";
			productReference = D97F77701A314B42005FFD2E /* Pitch PerfectTests.xctest */;
			productType = "com.apple.product-type.bundle.unit-test";
		};
/* End PBXNativeTarget section */

/* Begin PBXProject section */
		D97F77531A314B42005FFD2E /* Project object */ = {
			isa = PBXProject;
			attributes = {
				LastUpgradeCheck = 0610;
				ORGANIZATIONNAME = "Mohamed Abdalla";
				TargetAttributes = {
					D97F775A1A314B42005FFD2E = {
						CreatedOnToolsVersion = 6.1.1;
					};
					D97F776F1A314B42005FFD2E = {
						CreatedOnToolsVersion = 6.1.1;
						TestTargetID = D97F775A1A314B42005FFD2E;
					};
				};
			};
			buildConfigurationList = D97F77561A314B42005FFD2E /* Build configuration list for PBXProject "Pitch Perfect" */;
			compatibilityVersion = "Xcode 3.2";
			developmentRegion = English;
			hasScannedForEncodings = 0;
			knownRegions = (
				en,
				Base,
			);
			mainGroup = D97F77521A314B42005FFD2E;
			productRefGroup = D97F775C1A314B42005FFD2E /* Products */;
			projectDirPath = "";
			projectRoot = "";
			targets = (
				D97F775A1A314B42005FFD2E /* Pitch Perfect */,
				D97F776F1A314B42005FFD2E /* Pitch PerfectTests */,
			);
		};
/* End PBXProject section */

/* Begin PBXResourcesBuildPhase section */
		D97F77591A314B42005FFD2E /* Resources */ = {
			isa = PBXResourcesBuildPhase;
			buildActionMask = 2147483647;
			files = (
				D97F77661A314B42005FFD2E /* Main.storyboard in Resources */,
				D97F776B1A314B42005FFD2E /* LaunchScreen.xib in Resources */,
				D97F77681A314B42005FFD2E /* Images.xcassets in Resources */,
			);
			runOnlyForDeploymentPostprocessing = 0;
		};
		D97F776E1A314B42005FFD2E /* Resources */ = {
			isa = PBXResourcesBuildPhase;
			buildActionMask = 2147483647;
			files = (
			);
			runOnlyForDeploymentPostprocessing = 0;
		};
/* End PBXResourcesBuildPhase section */

/* Begin PBXSourcesBuildPhase section */
		D97F77571A314B42005FFD2E /* Sources */ = {
			isa = PBXSourcesBuildPhase;
			buildActionMask = 2147483647;
			files = (
				D97F77631A314B42005FFD2E /* ViewController.swift in Sources */,
				D97F77611A314B42005FFD2E /* AppDelegate.swift in Sources */,
			);
			runOnlyForDeploymentPostprocessing = 0;
		};
		D97F776C1A314B42005FFD2E /* Sources */ = {
			isa = PBXSourcesBuildPhase;
			buildActionMask = 2147483647;
			files = (
				D97F77771A314B42005FFD2E /* Pitch_PerfectTests.swift in Sources */,
			);
			runOnlyForDeploymentPostprocessing = 0;
		};
/* End PBXSourcesBuildPhase section */

/* Begin PBXTargetDependency section */
		D97F77721A314B42005FFD2E /* PBXTargetDependency */ = {
			isa = PBXTargetDependency;
			target = D97F775A1A314B42005FFD2E /* Pitch Perfect */;
			targetProxy = D97F77711A314B42005FFD2E /* PBXContainerItemProxy */;
		};
/* End PBXTargetDependency section */

/* Begin PBXVariantGroup section */
		D97F77641A314B42005FFD2E /* Main.storyboard */ = {
			isa = PBXVariantGroup;
			children = (
				D97F77651A314B42005FFD2E /* Base */,
			);
			name = Main.storyboard;
			sourceTree = "<group>";
		};
		D97F77691A314B42005FFD2E /* LaunchScreen.xib */ = {
			isa = PBXVariantGroup;
			children = (
				D97F776A1A314B42005FFD2E /* Base */,
			);
			name = LaunchScreen.xib;
			sourceTree = "<group>";
		};
/* End PBXVariantGroup section */

/* Begin XCBuildConfiguration section */
		D97F77781A314B42005FFD2E /* Debug */ = {
			isa = XCBuildConfiguration;
			buildSettings = {
				ALWAYS_SEARCH_USER_PATHS = NO;
				CLANG_CXX_LANGUAGE_STANDARD = "gnu++0x";
				CLANG_CXX_LIBRARY = "libc++";
				CLANG_ENABLE_MODULES = YES;
				CLANG_ENABLE_OBJC_ARC = YES;
				CLANG_WARN_BOOL_CONVERSION = YES;
				CLANG_WARN_CONSTANT_CONVERSION = YES;
				CLANG_WARN_DIRECT_OBJC_ISA_USAGE = YES_ERROR;
				CLANG_WARN_EMPTY_BODY = YES;
				CLANG_WARN_ENUM_CONVERSION = YES;
				CLANG_WARN_INT_CONVERSION = YES;
				CLANG_WARN_OBJC_ROOT_CLASS = YES_ERROR;
				CLANG_WARN_UNREACHABLE_CODE = YES;
				CLANG_WARN__DUPLICATE_METHOD_MATCH = YES;
				"CODE_SIGN_IDENTITY[sdk=iphoneos*]" = "iPhone Developer";
				COPY_PHASE_STRIP = NO;
				ENABLE_STRICT_OBJC_MSGSEND = YES;
				GCC_C_LANGUAGE_STANDARD = gnu99;
				GCC_DYNAMIC_NO_PIC = NO;
				GCC_OPTIMIZATION_LEVEL = 0;
				GCC_PREPROCESSOR_DEFINITIONS = (
					"DEBUG=1",
					"$(inherited)",
				);
				GCC_SYMBOLS_PRIVATE_EXTERN = NO;
				GCC_WARN_64_TO_32_BIT_CONVERSION = YES;
				GCC_WARN_ABOUT_RETURN_TYPE = YES_ERROR;
				GCC_WARN_UNDECLARED_SELECTOR = YES;
				GCC_WARN_UNINITIALIZED_AUTOS = YES_AGGRESSIVE;
				GCC_WARN_UNUSED_FUNCTION = YES;
				GCC_WARN_UNUSED_VARIABLE = YES;
				IPHONEOS_DEPLOYMENT_TARGET = 8.1;
				MTL_ENABLE_DEBUG_INFO = YES;
				ONLY_ACTIVE_ARCH = YES;
				SDKROOT = iphoneos;
				SWIFT_OPTIMIZATION_LEVEL = "-Onone";
			};
			name = Debug;
		};
		D97F77791A314B42005FFD2E /* Release */ = {
			isa = XCBuildConfiguration;
			buildSettings = {
				ALWAYS_SEARCH_USER_PATHS = NO;
				CLANG_CXX_LANGUAGE_STANDARD = "gnu++0x";
				CLANG_CXX_LIBRARY = "libc++";
				CLANG_ENABLE_MODULES = YES;
				CLANG_ENABLE_OBJC_ARC = YES;
				CLANG_WARN_BOOL_CONVERSION = YES;
				CLANG_WARN_CONSTANT_CONVERSION = YES;
				CLANG_WARN_DIRECT_OBJC_ISA_USAGE = YES_ERROR;
				CLANG_WARN_EMPTY_BODY = YES;
				CLANG_WARN_ENUM_CONVERSION = YES;
				CLANG_WARN_INT_CONVERSION = YES;
				CLANG_WARN_OBJC_ROOT_CLASS = YES_ERROR;
				CLANG_WARN_UNREACHABLE_CODE = YES;
				CLANG_WARN__DUPLICATE_METHOD_MATCH = YES;
				"CODE_SIGN_IDENTITY[sdk=iphoneos*]" = "iPhone Developer";
				COPY_PHASE_STRIP = YES;
				ENABLE_NS_ASSERTIONS = NO;
				ENABLE_STRICT_OBJC_MSGSEND = YES;
				GCC_C_LANGUAGE_STANDARD = gnu99;
				GCC_WARN_64_TO_32_BIT_CONVERSION = YES;
				GCC_WARN_ABOUT_RETURN_TYPE = YES_ERROR;
				GCC_WARN_UNDECLARED_SELECTOR = YES;
				GCC_WARN_UNINITIALIZED_AUTOS = YES_AGGRESSIVE;
				GCC_WARN_UNUSED_FUNCTION = YES;
				GCC_WARN_UNUSED_VARIABLE = YES;
				IPHONEOS_DEPLOYMENT_TARGET = 8.1;
				MTL_ENABLE_DEBUG_INFO = NO;
				SDKROOT = iphoneos;
				VALIDATE_PRODUCT = YES;
			};
			name = Release;
		};
		D97F777B1A314B42005FFD2E /* Debug */ = {
			isa = XCBuildConfiguration;
			buildSettings = {
				ASSETCATALOG_COMPILER_APPICON_NAME = AppIcon;
				INFOPLIST_FILE = "Pitch Perfect/Info.plist";
				LD_RUNPATH_SEARCH_PATHS = "$(inherited) @executable_path/Frameworks";
				PRODUCT_NAME = "$(TARGET_NAME)";
			};
			name = Debug;
		};
		D97F777C1A314B42005FFD2E /* Release */ = {
			isa = XCBuildConfiguration;
			buildSettings = {
				ASSETCATALOG_COMPILER_APPICON_NAME = AppIcon;
				INFOPLIST_FILE = "Pitch Perfect/Info.plist";
				LD_RUNPATH_SEARCH_PATHS = "$(inherited) @executable_path/Frameworks";
				PRODUCT_NAME = "$(TARGET_NAME)";
			};
			name = Release;
		};
		D97F777E1A314B42005FFD2E /* Debug */ = {
			isa = XCBuildConfiguration;
			buildSettings = {
				BUNDLE_LOADER = "$(TEST_HOST)";
				FRAMEWORK_SEARCH_PATHS = (
					"$(SDKROOT)/Developer/Library/Frameworks",
					"$(inherited)",
				);
				GCC_PREPROCESSOR_DEFINITIONS = (
					"DEBUG=1",
					"$(inherited)",
				);
				INFOPLIST_FILE = "Pitch PerfectTests/Info.plist";
				LD_RUNPATH_SEARCH_PATHS = "$(inherited) @executable_path/Frameworks @loader_path/Frameworks";
				PRODUCT_NAME = "$(TARGET_NAME)";
				TEST_HOST = "$(BUILT_PRODUCTS_DIR)/Pitch Perfect.app/Pitch Perfect";
			};
			name = Debug;
		};
		D97F777F1A314B42005FFD2E /* Release */ = {
			isa = XCBuildConfiguration;
			buildSettings = {
				BUNDLE_LOADER = "$(TEST_HOST)";
				FRAMEWORK_SEARCH_PATHS = (
					"$(SDKROOT)/Developer/Library/Frameworks",
					"$(inherited)",
				);
				INFOPLIST_FILE = "Pitch PerfectTests/Info.plist";
				LD_RUNPATH_SEARCH_PATHS = "$(inherited) @executable_path/Frameworks @loader_path/Frameworks";
				PRODUCT_NAME = "$(TARGET_NAME)";
				TEST_HOST = "$(BUILT_PRODUCTS_DIR)/Pitch Perfect.app/Pitch Perfect";
			};
			name = Release;
		};
/* End XCBuildConfiguration section */

/* Begin XCConfigurationList section */
		D97F77561A314B42005FFD2E /* Build configuration list for PBXProject "Pitch Perfect" */ = {
			isa = XCConfigurationList;
			buildConfigurations = (
				D97F77781A314B42005FFD2E /* Debug */,
				D97F77791A314B42005FFD2E /* Release */,
			);
			defaultConfigurationIsVisible = 0;
			defaultConfigurationName = Release;
		};
		D97F777A1A314B42005FFD2E /* Build configuration list for PBXNativeTarget "Pitch Perfect" */ = {
			isa = XCConfigurationList;
			buildConfigurations = (
				D97F777B1A314B42005FFD2E /* Debug */,
				D97F777C1A314B42005FFD2E /* Release */,
			);
			defaultConfigurationIsVisible = 0;
		};
		D97F777D1A314B42005FFD2E /* Build configuration list for PBXNativeTarget "Pitch PerfectTests" */ = {
			isa = XCConfigurationList;
			buildConfigurations = (
				D97F777E1A314B42005FFD2E /* Debug */,
				D97F777F1A314B42005FFD2E /* Release */,
			);
			defaultConfigurationIsVisible = 0;
		};
/* End XCConfigurationList section */
	};
	rootObject = D97F77531A314B42005FFD2E /* Project object */;
}
